// !$*UTF8*$!
{
	archiveVersion = 1;
	classes = {
	};
	objectVersion = 51;
	objects = {

/* Begin PBXBuildFile section */
		0947956A23016C6C00746E92 /* AppDelegate.swift in Sources */ = {isa = PBXBuildFile; fileRef = 0947956923016C6C00746E92 /* AppDelegate.swift */; };
		0947956C23016C6C00746E92 /* ViewController.swift in Sources */ = {isa = PBXBuildFile; fileRef = 0947956B23016C6C00746E92 /* ViewController.swift */; };
		0947956F23016C6C00746E92 /* Main.storyboard in Resources */ = {isa = PBXBuildFile; fileRef = 0947956D23016C6C00746E92 /* Main.storyboard */; };
		0947957123016C7100746E92 /* Assets.xcassets in Resources */ = {isa = PBXBuildFile; fileRef = 0947957023016C7100746E92 /* Assets.xcassets */; };
		0947957423016C7100746E92 /* LaunchScreen.storyboard in Resources */ = {isa = PBXBuildFile; fileRef = 0947957223016C7100746E92 /* LaunchScreen.storyboard */; };
		0947957F2301959800746E92 /* MainWeather.swift in Sources */ = {isa = PBXBuildFile; fileRef = 0947957E2301959800746E92 /* MainWeather.swift */; };
		094795812301966A00746E92 /* ItWeather.swift in Sources */ = {isa = PBXBuildFile; fileRef = 094795802301966A00746E92 /* ItWeather.swift */; };
		09479583230196EA00746E92 /* MainTemperature.swift in Sources */ = {isa = PBXBuildFile; fileRef = 09479582230196EA00746E92 /* MainTemperature.swift */; };
		09479586230197D600746E92 /* NetworkData.swift in Sources */ = {isa = PBXBuildFile; fileRef = 09479585230197D600746E92 /* NetworkData.swift */; };
		096554C52306CA4C00FF0991 /* SortingTableViewController.swift in Sources */ = {isa = PBXBuildFile; fileRef = 096554C42306CA4C00FF0991 /* SortingTableViewController.swift */; };
		096554C82306D86A00FF0991 /* RealmModel.swift in Sources */ = {isa = PBXBuildFile; fileRef = 096554C72306D86A00FF0991 /* RealmModel.swift */; };
		09D6887D2302D3860021E771 /* WindWeather.swift in Sources */ = {isa = PBXBuildFile; fileRef = 09D6887C2302D3860021E771 /* WindWeather.swift */; };
		CA5650D6230459FB001F622D /* AllWeather.swift in Sources */ = {isa = PBXBuildFile; fileRef = CA5650D5230459FB001F622D /* AllWeather.swift */; };
		CA8303122301F0530075825A /* UserNotification.swift in Sources */ = {isa = PBXBuildFile; fileRef = CA8303112301F0530075825A /* UserNotification.swift */; };
		CA830316230337660075825A /* OneDayTemperature.swift in Sources */ = {isa = PBXBuildFile; fileRef = CA830315230337660075825A /* OneDayTemperature.swift */; };
		CA830318230338360075825A /* AllDayTemperature.swift in Sources */ = {isa = PBXBuildFile; fileRef = CA830317230338360075825A /* AllDayTemperature.swift */; };
		CA83031A23033A2A0075825A /* MainAllWeather.swift in Sources */ = {isa = PBXBuildFile; fileRef = CA83031923033A2A0075825A /* MainAllWeather.swift */; };
		CA83031C23033A870075825A /* AllNetworkData.swift in Sources */ = {isa = PBXBuildFile; fileRef = CA83031B23033A870075825A /* AllNetworkData.swift */; };
		CA83031F23033C090075825A /* ViewController+CClocationDelegate.swift in Sources */ = {isa = PBXBuildFile; fileRef = CA83031E23033C090075825A /* ViewController+CClocationDelegate.swift */; };
		CA83032123033C710075825A /* ViewController+Timer.swift in Sources */ = {isa = PBXBuildFile; fileRef = CA83032023033C710075825A /* ViewController+Timer.swift */; };
		CA83032723034AC80075825A /* TableViewController.swift in Sources */ = {isa = PBXBuildFile; fileRef = CA83032623034AC80075825A /* TableViewController.swift */; };
		F24DFD3B54A289FFA19316CB /* Pods_NearbyWeather.framework in Frameworks */ = {isa = PBXBuildFile; fileRef = 937B265915DAD116D9FC4200 /* Pods_NearbyWeather.framework */; };
/* End PBXBuildFile section */

/* Begin PBXFileReference section */
		0947956623016C6C00746E92 /* NearbyWeather.app */ = {isa = PBXFileReference; explicitFileType = wrapper.application; includeInIndex = 0; path = NearbyWeather.app; sourceTree = BUILT_PRODUCTS_DIR; };
		0947956923016C6C00746E92 /* AppDelegate.swift */ = {isa = PBXFileReference; lastKnownFileType = sourcecode.swift; path = AppDelegate.swift; sourceTree = "<group>"; };
		0947956B23016C6C00746E92 /* ViewController.swift */ = {isa = PBXFileReference; lastKnownFileType = sourcecode.swift; path = ViewController.swift; sourceTree = "<group>"; };
		0947956E23016C6C00746E92 /* Base */ = {isa = PBXFileReference; lastKnownFileType = file.storyboard; name = Base; path = Base.lproj/Main.storyboard; sourceTree = "<group>"; };
		0947957023016C7100746E92 /* Assets.xcassets */ = {isa = PBXFileReference; lastKnownFileType = folder.assetcatalog; path = Assets.xcassets; sourceTree = "<group>"; };
		0947957323016C7100746E92 /* Base */ = {isa = PBXFileReference; lastKnownFileType = file.storyboard; name = Base; path = Base.lproj/LaunchScreen.storyboard; sourceTree = "<group>"; };
		0947957523016C7100746E92 /* Info.plist */ = {isa = PBXFileReference; lastKnownFileType = text.plist.xml; path = Info.plist; sourceTree = "<group>"; };
		0947957E2301959800746E92 /* MainWeather.swift */ = {isa = PBXFileReference; lastKnownFileType = sourcecode.swift; path = MainWeather.swift; sourceTree = "<group>"; };
		094795802301966A00746E92 /* ItWeather.swift */ = {isa = PBXFileReference; lastKnownFileType = sourcecode.swift; path = ItWeather.swift; sourceTree = "<group>"; };
		09479582230196EA00746E92 /* MainTemperature.swift */ = {isa = PBXFileReference; lastKnownFileType = sourcecode.swift; path = MainTemperature.swift; sourceTree = "<group>"; };
		09479585230197D600746E92 /* NetworkData.swift */ = {isa = PBXFileReference; lastKnownFileType = sourcecode.swift; path = NetworkData.swift; sourceTree = "<group>"; };
		096554C42306CA4C00FF0991 /* SortingTableViewController.swift */ = {isa = PBXFileReference; lastKnownFileType = sourcecode.swift; path = SortingTableViewController.swift; sourceTree = "<group>"; };
		096554C72306D86A00FF0991 /* RealmModel.swift */ = {isa = PBXFileReference; lastKnownFileType = sourcecode.swift; name = RealmModel.swift; path = ../../../../../Documents/RealmModel.swift; sourceTree = "<group>"; };
		09D6887C2302D3860021E771 /* WindWeather.swift */ = {isa = PBXFileReference; lastKnownFileType = sourcecode.swift; path = WindWeather.swift; sourceTree = "<group>"; };
		937B265915DAD116D9FC4200 /* Pods_NearbyWeather.framework */ = {isa = PBXFileReference; explicitFileType = wrapper.framework; includeInIndex = 0; path = Pods_NearbyWeather.framework; sourceTree = BUILT_PRODUCTS_DIR; };
		BA913B7BE9EA957D68719DD6 /* Pods-NearbyWeather.debug.xcconfig */ = {isa = PBXFileReference; includeInIndex = 1; lastKnownFileType = text.xcconfig; name = "Pods-NearbyWeather.debug.xcconfig"; path = "Target Support Files/Pods-NearbyWeather/Pods-NearbyWeather.debug.xcconfig"; sourceTree = "<group>"; };
		C38731C4157887666C49246E /* Pods-NearbyWeather.release.xcconfig */ = {isa = PBXFileReference; includeInIndex = 1; lastKnownFileType = text.xcconfig; name = "Pods-NearbyWeather.release.xcconfig"; path = "Target Support Files/Pods-NearbyWeather/Pods-NearbyWeather.release.xcconfig"; sourceTree = "<group>"; };
		CA5650D5230459FB001F622D /* AllWeather.swift */ = {isa = PBXFileReference; lastKnownFileType = sourcecode.swift; path = AllWeather.swift; sourceTree = "<group>"; };
		CA8303112301F0530075825A /* UserNotification.swift */ = {isa = PBXFileReference; lastKnownFileType = sourcecode.swift; path = UserNotification.swift; sourceTree = "<group>"; };
		CA830315230337660075825A /* OneDayTemperature.swift */ = {isa = PBXFileReference; lastKnownFileType = sourcecode.swift; path = OneDayTemperature.swift; sourceTree = "<group>"; };
		CA830317230338360075825A /* AllDayTemperature.swift */ = {isa = PBXFileReference; lastKnownFileType = sourcecode.swift; path = AllDayTemperature.swift; sourceTree = "<group>"; };
		CA83031923033A2A0075825A /* MainAllWeather.swift */ = {isa = PBXFileReference; lastKnownFileType = sourcecode.swift; path = MainAllWeather.swift; sourceTree = "<group>"; };
		CA83031B23033A870075825A /* AllNetworkData.swift */ = {isa = PBXFileReference; lastKnownFileType = sourcecode.swift; path = AllNetworkData.swift; sourceTree = "<group>"; };
		CA83031E23033C090075825A /* ViewController+CClocationDelegate.swift */ = {isa = PBXFileReference; lastKnownFileType = sourcecode.swift; path = "ViewController+CClocationDelegate.swift"; sourceTree = "<group>"; };
		CA83032023033C710075825A /* ViewController+Timer.swift */ = {isa = PBXFileReference; lastKnownFileType = sourcecode.swift; path = "ViewController+Timer.swift"; sourceTree = "<group>"; };
		CA83032623034AC80075825A /* TableViewController.swift */ = {isa = PBXFileReference; lastKnownFileType = sourcecode.swift; path = TableViewController.swift; sourceTree = "<group>"; };
/* End PBXFileReference section */

/* Begin PBXFrameworksBuildPhase section */
		0947956323016C6C00746E92 /* Frameworks */ = {
			isa = PBXFrameworksBuildPhase;
			buildActionMask = 2147483647;
			files = (
				F24DFD3B54A289FFA19316CB /* Pods_NearbyWeather.framework in Frameworks */,
			);
			runOnlyForDeploymentPostprocessing = 0;
		};
/* End PBXFrameworksBuildPhase section */

/* Begin PBXGroup section */
		0947955D23016C6C00746E92 = {
			isa = PBXGroup;
			children = (
				0947956823016C6C00746E92 /* NearbyWeather */,
				0947956723016C6C00746E92 /* Products */,
				0E9BF18ED480C09D9C32E835 /* Pods */,
				2AA6A2939DE00FA493DC6EAB /* Frameworks */,
			);
			sourceTree = "<group>";
		};
		0947956723016C6C00746E92 /* Products */ = {
			isa = PBXGroup;
			children = (
				0947956623016C6C00746E92 /* NearbyWeather.app */,
			);
			name = Products;
			sourceTree = "<group>";
		};
		0947956823016C6C00746E92 /* NearbyWeather */ = {
			isa = PBXGroup;
			children = (
				0947957D23018C1400746E92 /* Models */,
				0947957B23018BD900746E92 /* View */,
				0947957C23018BE800746E92 /* Controllers */,
				0947957523016C7100746E92 /* Info.plist */,
				CA8303102301F02F0075825A /* UserNotifications */,
				CA83031D23033BAD0075825A /* Extension */,
				094795842301972200746E92 /* Network */,
			);
			path = NearbyWeather;
			sourceTree = "<group>";
		};
		0947957B23018BD900746E92 /* View */ = {
			isa = PBXGroup;
			children = (
				0947956D23016C6C00746E92 /* Main.storyboard */,
				0947957223016C7100746E92 /* LaunchScreen.storyboard */,
				0947957023016C7100746E92 /* Assets.xcassets */,
			);
			path = View;
			sourceTree = "<group>";
		};
		0947957C23018BE800746E92 /* Controllers */ = {
			isa = PBXGroup;
			children = (
				CA83032623034AC80075825A /* TableViewController.swift */,
				0947956923016C6C00746E92 /* AppDelegate.swift */,
				0947956B23016C6C00746E92 /* ViewController.swift */,
				096554C42306CA4C00FF0991 /* SortingTableViewController.swift */,
			);
			path = Controllers;
			sourceTree = "<group>";
		};
		0947957D23018C1400746E92 /* Models */ = {
			isa = PBXGroup;
			children = (
				096554C62306D85000FF0991 /* RealmModel */,
				CA8303142303366D0075825A /* futureTemperature */,
				CA8303132303363C0075825A /* nowTemperature */,
			);
			path = Models;
			sourceTree = "<group>";
		};
		094795842301972200746E92 /* Network */ = {
			isa = PBXGroup;
			children = (
				09479585230197D600746E92 /* NetworkData.swift */,
				CA83031B23033A870075825A /* AllNetworkData.swift */,
			);
			path = Network;
			sourceTree = "<group>";
		};
		096554C62306D85000FF0991 /* RealmModel */ = {
			isa = PBXGroup;
			children = (
				096554C72306D86A00FF0991 /* RealmModel.swift */,
			);
			path = RealmModel;
			sourceTree = "<group>";
		};
		0E9BF18ED480C09D9C32E835 /* Pods */ = {
			isa = PBXGroup;
			children = (
				BA913B7BE9EA957D68719DD6 /* Pods-NearbyWeather.debug.xcconfig */,
				C38731C4157887666C49246E /* Pods-NearbyWeather.release.xcconfig */,
			);
			path = Pods;
			sourceTree = "<group>";
		};
		2AA6A2939DE00FA493DC6EAB /* Frameworks */ = {
			isa = PBXGroup;
			children = (
				937B265915DAD116D9FC4200 /* Pods_NearbyWeather.framework */,
			);
			name = Frameworks;
			sourceTree = "<group>";
		};
		CA8303102301F02F0075825A /* UserNotifications */ = {
			isa = PBXGroup;
			children = (
				CA8303112301F0530075825A /* UserNotification.swift */,
			);
			path = UserNotifications;
			sourceTree = "<group>";
		};
		CA8303132303363C0075825A /* nowTemperature */ = {
			isa = PBXGroup;
			children = (
				094795802301966A00746E92 /* ItWeather.swift */,
				09D6887C2302D3860021E771 /* WindWeather.swift */,
				09479582230196EA00746E92 /* MainTemperature.swift */,
				0947957E2301959800746E92 /* MainWeather.swift */,
			);
			path = nowTemperature;
			sourceTree = "<group>";
		};
		CA8303142303366D0075825A /* futureTemperature */ = {
			isa = PBXGroup;
			children = (
				CA830315230337660075825A /* OneDayTemperature.swift */,
				CA830317230338360075825A /* AllDayTemperature.swift */,
				CA83031923033A2A0075825A /* MainAllWeather.swift */,
				CA5650D5230459FB001F622D /* AllWeather.swift */,
			);
			path = futureTemperature;
			sourceTree = "<group>";
		};
		CA83031D23033BAD0075825A /* Extension */ = {
			isa = PBXGroup;
			children = (
				CA83031E23033C090075825A /* ViewController+CClocationDelegate.swift */,
				CA83032023033C710075825A /* ViewController+Timer.swift */,
			);
			path = Extension;
			sourceTree = "<group>";
		};
/* End PBXGroup section */

/* Begin PBXNativeTarget section */
		0947956523016C6C00746E92 /* NearbyWeather */ = {
			isa = PBXNativeTarget;
			buildConfigurationList = 0947957823016C7100746E92 /* Build configuration list for PBXNativeTarget "NearbyWeather" */;
			buildPhases = (
				DA05CC3BC88C724890B0DC54 /* [CP] Check Pods Manifest.lock */,
				0947956223016C6C00746E92 /* Sources */,
				0947956323016C6C00746E92 /* Frameworks */,
				0947956423016C6C00746E92 /* Resources */,
				5EFFFC0376CE79A6B37BD1B3 /* [CP] Embed Pods Frameworks */,
			);
			buildRules = (
			);
			dependencies = (
			);
			name = NearbyWeather;
			productName = NearbyWeather;
			productReference = 0947956623016C6C00746E92 /* NearbyWeather.app */;
			productType = "com.apple.product-type.application";
		};
/* End PBXNativeTarget section */

/* Begin PBXProject section */
		0947955E23016C6C00746E92 /* Project object */ = {
			isa = PBXProject;
			attributes = {
				LastSwiftUpdateCheck = 1030;
				LastUpgradeCheck = 1030;
				ORGANIZATIONNAME = orik;
				TargetAttributes = {
					0947956523016C6C00746E92 = {
						CreatedOnToolsVersion = 10.3;
					};
				};
			};
			buildConfigurationList = 0947956123016C6C00746E92 /* Build configuration list for PBXProject "NearbyWeather" */;
			compatibilityVersion = "Xcode 9.3";
			developmentRegion = en;
			hasScannedForEncodings = 0;
			knownRegions = (
				en,
				Base,
			);
			mainGroup = 0947955D23016C6C00746E92;
			productRefGroup = 0947956723016C6C00746E92 /* Products */;
			projectDirPath = "";
			projectRoot = "";
			targets = (
				0947956523016C6C00746E92 /* NearbyWeather */,
			);
		};
/* End PBXProject section */

/* Begin PBXResourcesBuildPhase section */
		0947956423016C6C00746E92 /* Resources */ = {
			isa = PBXResourcesBuildPhase;
			buildActionMask = 2147483647;
			files = (
				0947957423016C7100746E92 /* LaunchScreen.storyboard in Resources */,
				0947957123016C7100746E92 /* Assets.xcassets in Resources */,
				0947956F23016C6C00746E92 /* Main.storyboard in Resources */,
			);
			runOnlyForDeploymentPostprocessing = 0;
		};
/* End PBXResourcesBuildPhase section */

/* Begin PBXShellScriptBuildPhase section */
		5EFFFC0376CE79A6B37BD1B3 /* [CP] Embed Pods Frameworks */ = {
			isa = PBXShellScriptBuildPhase;
			buildActionMask = 2147483647;
			files = (
			);
			inputFileListPaths = (
				"${PODS_ROOT}/Target Support Files/Pods-NearbyWeather/Pods-NearbyWeather-frameworks-${CONFIGURATION}-input-files.xcfilelist",
			);
			name = "[CP] Embed Pods Frameworks";
			outputFileListPaths = (
				"${PODS_ROOT}/Target Support Files/Pods-NearbyWeather/Pods-NearbyWeather-frameworks-${CONFIGURATION}-output-files.xcfilelist",
			);
			runOnlyForDeploymentPostprocessing = 0;
			shellPath = /bin/sh;
			shellScript = "\"${PODS_ROOT}/Target Support Files/Pods-NearbyWeather/Pods-NearbyWeather-frameworks.sh\"\n";
			showEnvVarsInLog = 0;
		};
		DA05CC3BC88C724890B0DC54 /* [CP] Check Pods Manifest.lock */ = {
			isa = PBXShellScriptBuildPhase;
			buildActionMask = 2147483647;
			files = (
			);
			inputFileListPaths = (
			);
			inputPaths = (
				"${PODS_PODFILE_DIR_PATH}/Podfile.lock",
				"${PODS_ROOT}/Manifest.lock",
			);
			name = "[CP] Check Pods Manifest.lock";
			outputFileListPaths = (
			);
			outputPaths = (
				"$(DERIVED_FILE_DIR)/Pods-NearbyWeather-checkManifestLockResult.txt",
			);
			runOnlyForDeploymentPostprocessing = 0;
			shellPath = /bin/sh;
			shellScript = "diff \"${PODS_PODFILE_DIR_PATH}/Podfile.lock\" \"${PODS_ROOT}/Manifest.lock\" > /dev/null\nif [ $? != 0 ] ; then\n    # print error to STDERR\n    echo \"error: The sandbox is not in sync with the Podfile.lock. Run 'pod install' or update your CocoaPods installation.\" >&2\n    exit 1\nfi\n# This output is used by Xcode 'outputs' to avoid re-running this script phase.\necho \"SUCCESS\" > \"${SCRIPT_OUTPUT_FILE_0}\"\n";
			showEnvVarsInLog = 0;
		};
/* End PBXShellScriptBuildPhase section */

/* Begin PBXSourcesBuildPhase section */
		0947956223016C6C00746E92 /* Sources */ = {
			isa = PBXSourcesBuildPhase;
			buildActionMask = 2147483647;
			files = (
				09479586230197D600746E92 /* NetworkData.swift in Sources */,
				CA8303122301F0530075825A /* UserNotification.swift in Sources */,
				0947956C23016C6C00746E92 /* ViewController.swift in Sources */,
				0947956A23016C6C00746E92 /* AppDelegate.swift in Sources */,
				CA5650D6230459FB001F622D /* AllWeather.swift in Sources */,
				CA83032123033C710075825A /* ViewController+Timer.swift in Sources */,
				CA83031F23033C090075825A /* ViewController+CClocationDelegate.swift in Sources */,
				CA83031C23033A870075825A /* AllNetworkData.swift in Sources */,
				0947957F2301959800746E92 /* MainWeather.swift in Sources */,
				CA830316230337660075825A /* OneDayTemperature.swift in Sources */,
				CA83031A23033A2A0075825A /* MainAllWeather.swift in Sources */,
				09479583230196EA00746E92 /* MainTemperature.swift in Sources */,
				09D6887D2302D3860021E771 /* WindWeather.swift in Sources */,
				096554C82306D86A00FF0991 /* RealmModel.swift in Sources */,
				094795812301966A00746E92 /* ItWeather.swift in Sources */,
				096554C52306CA4C00FF0991 /* SortingTableViewController.swift in Sources */,
				CA83032723034AC80075825A /* TableViewController.swift in Sources */,
				CA830318230338360075825A /* AllDayTemperature.swift in Sources */,
			);
			runOnlyForDeploymentPostprocessing = 0;
		};
/* End PBXSourcesBuildPhase section */

/* Begin PBXVariantGroup section */
		0947956D23016C6C00746E92 /* Main.storyboard */ = {
			isa = PBXVariantGroup;
			children = (
				0947956E23016C6C00746E92 /* Base */,
			);
			name = Main.storyboard;
			sourceTree = "<group>";
		};
		0947957223016C7100746E92 /* LaunchScreen.storyboard */ = {
			isa = PBXVariantGroup;
			children = (
				0947957323016C7100746E92 /* Base */,
			);
			name = LaunchScreen.storyboard;
			sourceTree = "<group>";
		};
/* End PBXVariantGroup section */

/* Begin XCBuildConfiguration section */
		0947957623016C7100746E92 /* Debug */ = {
			isa = XCBuildConfiguration;
			buildSettings = {
				ALWAYS_SEARCH_USER_PATHS = NO;
				CLANG_ANALYZER_NONNULL = YES;
				CLANG_ANALYZER_NUMBER_OBJECT_CONVERSION = YES_AGGRESSIVE;
				CLANG_CXX_LANGUAGE_STANDARD = "gnu++14";
				CLANG_CXX_LIBRARY = "libc++";
				CLANG_ENABLE_MODULES = YES;
				CLANG_ENABLE_OBJC_ARC = YES;
				CLANG_ENABLE_OBJC_WEAK = YES;
				CLANG_WARN_BLOCK_CAPTURE_AUTORELEASING = YES;
				CLANG_WARN_BOOL_CONVERSION = YES;
				CLANG_WARN_COMMA = YES;
				CLANG_WARN_CONSTANT_CONVERSION = YES;
				CLANG_WARN_DEPRECATED_OBJC_IMPLEMENTATIONS = YES;
				CLANG_WARN_DIRECT_OBJC_ISA_USAGE = YES_ERROR;
				CLANG_WARN_DOCUMENTATION_COMMENTS = YES;
				CLANG_WARN_EMPTY_BODY = YES;
				CLANG_WARN_ENUM_CONVERSION = YES;
				CLANG_WARN_INFINITE_RECURSION = YES;
				CLANG_WARN_INT_CONVERSION = YES;
				CLANG_WARN_NON_LITERAL_NULL_CONVERSION = YES;
				CLANG_WARN_OBJC_IMPLICIT_RETAIN_SELF = YES;
				CLANG_WARN_OBJC_LITERAL_CONVERSION = YES;
				CLANG_WARN_OBJC_ROOT_CLASS = YES_ERROR;
				CLANG_WARN_RANGE_LOOP_ANALYSIS = YES;
				CLANG_WARN_STRICT_PROTOTYPES = YES;
				CLANG_WARN_SUSPICIOUS_MOVE = YES;
				CLANG_WARN_UNGUARDED_AVAILABILITY = YES_AGGRESSIVE;
				CLANG_WARN_UNREACHABLE_CODE = YES;
				CLANG_WARN__DUPLICATE_METHOD_MATCH = YES;
				CODE_SIGN_IDENTITY = "iPhone Developer";
				COPY_PHASE_STRIP = NO;
				DEBUG_INFORMATION_FORMAT = dwarf;
				ENABLE_STRICT_OBJC_MSGSEND = YES;
				ENABLE_TESTABILITY = YES;
				GCC_C_LANGUAGE_STANDARD = gnu11;
				GCC_DYNAMIC_NO_PIC = NO;
				GCC_NO_COMMON_BLOCKS = YES;
				GCC_OPTIMIZATION_LEVEL = 0;
				GCC_PREPROCESSOR_DEFINITIONS = (
					"DEBUG=1",
					"$(inherited)",
				);
				GCC_WARN_64_TO_32_BIT_CONVERSION = YES;
				GCC_WARN_ABOUT_RETURN_TYPE = YES_ERROR;
				GCC_WARN_UNDECLARED_SELECTOR = YES;
				GCC_WARN_UNINITIALIZED_AUTOS = YES_AGGRESSIVE;
				GCC_WARN_UNUSED_FUNCTION = YES;
				GCC_WARN_UNUSED_VARIABLE = YES;
				IPHONEOS_DEPLOYMENT_TARGET = 12.2;
				MTL_ENABLE_DEBUG_INFO = INCLUDE_SOURCE;
				MTL_FAST_MATH = YES;
				ONLY_ACTIVE_ARCH = YES;
				SDKROOT = iphoneos;
				SWIFT_ACTIVE_COMPILATION_CONDITIONS = DEBUG;
				SWIFT_OPTIMIZATION_LEVEL = "-Onone";
			};
			name = Debug;
		};
		0947957723016C7100746E92 /* Release */ = {
			isa = XCBuildConfiguration;
			buildSettings = {
				ALWAYS_SEARCH_USER_PATHS = NO;
				CLANG_ANALYZER_NONNULL = YES;
				CLANG_ANALYZER_NUMBER_OBJECT_CONVERSION = YES_AGGRESSIVE;
				CLANG_CXX_LANGUAGE_STANDARD = "gnu++14";
				CLANG_CXX_LIBRARY = "libc++";
				CLANG_ENABLE_MODULES = YES;
				CLANG_ENABLE_OBJC_ARC = YES;
				CLANG_ENABLE_OBJC_WEAK = YES;
				CLANG_WARN_BLOCK_CAPTURE_AUTORELEASING = YES;
				CLANG_WARN_BOOL_CONVERSION = YES;
				CLANG_WARN_COMMA = YES;
				CLANG_WARN_CONSTANT_CONVERSION = YES;
				CLANG_WARN_DEPRECATED_OBJC_IMPLEMENTATIONS = YES;
				CLANG_WARN_DIRECT_OBJC_ISA_USAGE = YES_ERROR;
				CLANG_WARN_DOCUMENTATION_COMMENTS = YES;
				CLANG_WARN_EMPTY_BODY = YES;
				CLANG_WARN_ENUM_CONVERSION = YES;
				CLANG_WARN_INFINITE_RECURSION = YES;
				CLANG_WARN_INT_CONVERSION = YES;
				CLANG_WARN_NON_LITERAL_NULL_CONVERSION = YES;
				CLANG_WARN_OBJC_IMPLICIT_RETAIN_SELF = YES;
				CLANG_WARN_OBJC_LITERAL_CONVERSION = YES;
				CLANG_WARN_OBJC_ROOT_CLASS = YES_ERROR;
				CLANG_WARN_RANGE_LOOP_ANALYSIS = YES;
				CLANG_WARN_STRICT_PROTOTYPES = YES;
				CLANG_WARN_SUSPICIOUS_MOVE = YES;
				CLANG_WARN_UNGUARDED_AVAILABILITY = YES_AGGRESSIVE;
				CLANG_WARN_UNREACHABLE_CODE = YES;
				CLANG_WARN__DUPLICATE_METHOD_MATCH = YES;
				CODE_SIGN_IDENTITY = "iPhone Developer";
				COPY_PHASE_STRIP = NO;
				DEBUG_INFORMATION_FORMAT = "dwarf-with-dsym";
				ENABLE_NS_ASSERTIONS = NO;
				ENABLE_STRICT_OBJC_MSGSEND = YES;
				GCC_C_LANGUAGE_STANDARD = gnu11;
				GCC_NO_COMMON_BLOCKS = YES;
				GCC_WARN_64_TO_32_BIT_CONVERSION = YES;
				GCC_WARN_ABOUT_RETURN_TYPE = YES_ERROR;
				GCC_WARN_UNDECLARED_SELECTOR = YES;
				GCC_WARN_UNINITIALIZED_AUTOS = YES_AGGRESSIVE;
				GCC_WARN_UNUSED_FUNCTION = YES;
				GCC_WARN_UNUSED_VARIABLE = YES;
				IPHONEOS_DEPLOYMENT_TARGET = 12.2;
				MTL_ENABLE_DEBUG_INFO = NO;
				MTL_FAST_MATH = YES;
				SDKROOT = iphoneos;
				SWIFT_COMPILATION_MODE = wholemodule;
				SWIFT_OPTIMIZATION_LEVEL = "-O";
				VALIDATE_PRODUCT = YES;
			};
			name = Release;
		};
		0947957923016C7100746E92 /* Debug */ = {
			isa = XCBuildConfiguration;
			baseConfigurationReference = BA913B7BE9EA957D68719DD6 /* Pods-NearbyWeather.debug.xcconfig */;
			buildSettings = {
				ASSETCATALOG_COMPILER_APPICON_NAME = AppIcon;
				CODE_SIGN_IDENTITY = "iPhone Developer";
				CODE_SIGN_STYLE = Automatic;
				DEVELOPMENT_TEAM = UK93JB3S2G;
				INFOPLIST_FILE = NearbyWeather/Info.plist;
				LD_RUNPATH_SEARCH_PATHS = (
					"$(inherited)",
					"@executable_path/Frameworks",
				);
				PRODUCT_BUNDLE_IDENTIFIER = my.Aleksandr.MyNearbyWeather;
				PRODUCT_NAME = "$(TARGET_NAME)";
				PROVISIONING_PROFILE_SPECIFIER = "";
				SWIFT_VERSION = 5.0;
				TARGETED_DEVICE_FAMILY = "1,2";
			};
			name = Debug;
		};
		0947957A23016C7100746E92 /* Release */ = {
			isa = XCBuildConfiguration;
			baseConfigurationReference = C38731C4157887666C49246E /* Pods-NearbyWeather.release.xcconfig */;
			buildSettings = {
				ASSETCATALOG_COMPILER_APPICON_NAME = AppIcon;
				CODE_SIGN_IDENTITY = "iPhone Developer";
				CODE_SIGN_STYLE = Automatic;
				DEVELOPMENT_TEAM = UK93JB3S2G;
				INFOPLIST_FILE = NearbyWeather/Info.plist;
				LD_RUNPATH_SEARCH_PATHS = (
					"$(inherited)",
					"@executable_path/Frameworks",
				);
				PRODUCT_BUNDLE_IDENTIFIER = my.Aleksandr.MyNearbyWeather;
				PRODUCT_NAME = "$(TARGET_NAME)";
				PROVISIONING_PROFILE_SPECIFIER = "";
				SWIFT_VERSION = 5.0;
				TARGETED_DEVICE_FAMILY = "1,2";
			};
			name = Release;
		};
/* End XCBuildConfiguration section */

/* Begin XCConfigurationList section */
		0947956123016C6C00746E92 /* Build configuration list for PBXProject "NearbyWeather" */ = {
			isa = XCConfigurationList;
			buildConfigurations = (
				0947957623016C7100746E92 /* Debug */,
				0947957723016C7100746E92 /* Release */,
			);
			defaultConfigurationIsVisible = 0;
			defaultConfigurationName = Release;
		};
		0947957823016C7100746E92 /* Build configuration list for PBXNativeTarget "NearbyWeather" */ = {
			isa = XCConfigurationList;
			buildConfigurations = (
				0947957923016C7100746E92 /* Debug */,
				0947957A23016C7100746E92 /* Release */,
			);
			defaultConfigurationIsVisible = 0;
			defaultConfigurationName = Release;
		};
/* End XCConfigurationList section */
	};
	rootObject = 0947955E23016C6C00746E92 /* Project object */;
}
